{
  "version": "3",
  "packages": {
    "specifiers": {
      "npm:prettier@3.3.2": "npm:prettier@3.3.2"
    },
    "npm": {
      "prettier@3.3.2": {
        "integrity": "sha512-rAVeHYMcv8ATV5d508CFdn+8/pHPpXeIid1DdrPwXnaAdH7cqjVbpJaT5eq4yRAFU/lsbwYwSF/n5iNrdJHPQA==",
        "dependencies": {}
      }
    }
  },
  "remote": {},
  "workspace": {
    "packageJson": {
      "dependencies": [
        "npm:prettier@3.3.2"
      ]
    }
  }
}
